// !$*UTF8*$!
{
	archiveVersion = 1;
	classes = {
	};
	objectVersion = 55;
	objects = {

/* Begin PBXBuildFile section */
		2398295E28730F990088D5B5 /* CalendarAppTestApp.swift in Sources */ = {isa = PBXBuildFile; fileRef = 2398295D28730F990088D5B5 /* CalendarAppTestApp.swift */; };
		2398296028730F990088D5B5 /* ContentView.swift in Sources */ = {isa = PBXBuildFile; fileRef = 2398295F28730F990088D5B5 /* ContentView.swift */; };
		2398296228730F9A0088D5B5 /* Assets.xcassets in Resources */ = {isa = PBXBuildFile; fileRef = 2398296128730F9A0088D5B5 /* Assets.xcassets */; };
		2398296528730F9A0088D5B5 /* Preview Assets.xcassets in Resources */ = {isa = PBXBuildFile; fileRef = 2398296428730F9A0088D5B5 /* Preview Assets.xcassets */; };
		2398296F28730F9A0088D5B5 /* CalendarAppTestTests.swift in Sources */ = {isa = PBXBuildFile; fileRef = 2398296E28730F9A0088D5B5 /* CalendarAppTestTests.swift */; };
		2398297928730F9A0088D5B5 /* CalendarAppTestUITests.swift in Sources */ = {isa = PBXBuildFile; fileRef = 2398297828730F9A0088D5B5 /* CalendarAppTestUITests.swift */; };
		2398297B28730F9A0088D5B5 /* CalendarAppTestUITestsLaunchTests.swift in Sources */ = {isa = PBXBuildFile; fileRef = 2398297A28730F9A0088D5B5 /* CalendarAppTestUITestsLaunchTests.swift */; };
/* End PBXBuildFile section */

/* Begin PBXContainerItemProxy section */
		2398296B28730F9A0088D5B5 /* PBXContainerItemProxy */ = {
			isa = PBXContainerItemProxy;
			containerPortal = 2398295228730F990088D5B5 /* Project object */;
			proxyType = 1;
			remoteGlobalIDString = 2398295928730F990088D5B5;
			remoteInfo = CalendarAppTest;
		};
		2398297528730F9A0088D5B5 /* PBXContainerItemProxy */ = {
			isa = PBXContainerItemProxy;
			containerPortal = 2398295228730F990088D5B5 /* Project object */;
			proxyType = 1;
			remoteGlobalIDString = 2398295928730F990088D5B5;
			remoteInfo = CalendarAppTest;
		};
/* End PBXContainerItemProxy section */

/* Begin PBXFileReference section */
		2398295A28730F990088D5B5 /* CalendarAppTest.app */ = {isa = PBXFileReference; explicitFileType = wrapper.application; includeInIndex = 0; path = CalendarAppTest.app; sourceTree = BUILT_PRODUCTS_DIR; };
		2398295D28730F990088D5B5 /* CalendarAppTestApp.swift */ = {isa = PBXFileReference; lastKnownFileType = sourcecode.swift; path = CalendarAppTestApp.swift; sourceTree = "<group>"; };
		2398295F28730F990088D5B5 /* ContentView.swift */ = {isa = PBXFileReference; lastKnownFileType = sourcecode.swift; path = ContentView.swift; sourceTree = "<group>"; };
		2398296128730F9A0088D5B5 /* Assets.xcassets */ = {isa = PBXFileReference; lastKnownFileType = folder.assetcatalog; path = Assets.xcassets; sourceTree = "<group>"; };
		2398296428730F9A0088D5B5 /* Preview Assets.xcassets */ = {isa = PBXFileReference; lastKnownFileType = folder.assetcatalog; path = "Preview Assets.xcassets"; sourceTree = "<group>"; };
		2398296A28730F9A0088D5B5 /* CalendarAppTestTests.xctest */ = {isa = PBXFileReference; explicitFileType = wrapper.cfbundle; includeInIndex = 0; path = CalendarAppTestTests.xctest; sourceTree = BUILT_PRODUCTS_DIR; };
		2398296E28730F9A0088D5B5 /* CalendarAppTestTests.swift */ = {isa = PBXFileReference; lastKnownFileType = sourcecode.swift; path = CalendarAppTestTests.swift; sourceTree = "<group>"; };
		2398297428730F9A0088D5B5 /* CalendarAppTestUITests.xctest */ = {isa = PBXFileReference; explicitFileType = wrapper.cfbundle; includeInIndex = 0; path = CalendarAppTestUITests.xctest; sourceTree = BUILT_PRODUCTS_DIR; };
		2398297828730F9A0088D5B5 /* CalendarAppTestUITests.swift */ = {isa = PBXFileReference; lastKnownFileType = sourcecode.swift; path = CalendarAppTestUITests.swift; sourceTree = "<group>"; };
		2398297A28730F9A0088D5B5 /* CalendarAppTestUITestsLaunchTests.swift */ = {isa = PBXFileReference; lastKnownFileType = sourcecode.swift; path = CalendarAppTestUITestsLaunchTests.swift; sourceTree = "<group>"; };
/* End PBXFileReference section */

/* Begin PBXFrameworksBuildPhase section */
		2398295728730F990088D5B5 /* Frameworks */ = {
			isa = PBXFrameworksBuildPhase;
			buildActionMask = 2147483647;
			files = (
			);
			runOnlyForDeploymentPostprocessing = 0;
		};
		2398296728730F9A0088D5B5 /* Frameworks */ = {
			isa = PBXFrameworksBuildPhase;
			buildActionMask = 2147483647;
			files = (
			);
			runOnlyForDeploymentPostprocessing = 0;
		};
		2398297128730F9A0088D5B5 /* Frameworks */ = {
			isa = PBXFrameworksBuildPhase;
			buildActionMask = 2147483647;
			files = (
			);
			runOnlyForDeploymentPostprocessing = 0;
		};
/* End PBXFrameworksBuildPhase section */

/* Begin PBXGroup section */
		2398295128730F990088D5B5 = {
			isa = PBXGroup;
			children = (
				2398295C28730F990088D5B5 /* CalendarAppTest */,
				2398296D28730F9A0088D5B5 /* CalendarAppTestTests */,
				2398297728730F9A0088D5B5 /* CalendarAppTestUITests */,
				2398295B28730F990088D5B5 /* Products */,
			);
			sourceTree = "<group>";
		};
		2398295B28730F990088D5B5 /* Products */ = {
			isa = PBXGroup;
			children = (
				2398295A28730F990088D5B5 /* CalendarAppTest.app */,
				2398296A28730F9A0088D5B5 /* CalendarAppTestTests.xctest */,
				2398297428730F9A0088D5B5 /* CalendarAppTestUITests.xctest */,
			);
			name = Products;
			sourceTree = "<group>";
		};
		2398295C28730F990088D5B5 /* CalendarAppTest */ = {
			isa = PBXGroup;
			children = (
				2398295D28730F990088D5B5 /* CalendarAppTestApp.swift */,
				2398295F28730F990088D5B5 /* ContentView.swift */,
				2398296128730F9A0088D5B5 /* Assets.xcassets */,
				2398296328730F9A0088D5B5 /* Preview Content */,
			);
			path = CalendarAppTest;
			sourceTree = "<group>";
		};
		2398296328730F9A0088D5B5 /* Preview Content */ = {
			isa = PBXGroup;
			children = (
				2398296428730F9A0088D5B5 /* Preview Assets.xcassets */,
			);
			path = "Preview Content";
			sourceTree = "<group>";
		};
		2398296D28730F9A0088D5B5 /* CalendarAppTestTests */ = {
			isa = PBXGroup;
			children = (
				2398296E28730F9A0088D5B5 /* CalendarAppTestTests.swift */,
			);
			path = CalendarAppTestTests;
			sourceTree = "<group>";
		};
		2398297728730F9A0088D5B5 /* CalendarAppTestUITests */ = {
			isa = PBXGroup;
			children = (
				2398297828730F9A0088D5B5 /* CalendarAppTestUITests.swift */,
				2398297A28730F9A0088D5B5 /* CalendarAppTestUITestsLaunchTests.swift */,
			);
			path = CalendarAppTestUITests;
			sourceTree = "<group>";
		};
/* End PBXGroup section */

/* Begin PBXNativeTarget section */
		2398295928730F990088D5B5 /* CalendarAppTest */ = {
			isa = PBXNativeTarget;
			buildConfigurationList = 2398297E28730F9A0088D5B5 /* Build configuration list for PBXNativeTarget "CalendarAppTest" */;
			buildPhases = (
				2398295628730F990088D5B5 /* Sources */,
				2398295728730F990088D5B5 /* Frameworks */,
				2398295828730F990088D5B5 /* Resources */,
			);
			buildRules = (
			);
			dependencies = (
			);
			name = CalendarAppTest;
			productName = CalendarAppTest;
			productReference = 2398295A28730F990088D5B5 /* CalendarAppTest.app */;
			productType = "com.apple.product-type.application";
		};
		2398296928730F9A0088D5B5 /* CalendarAppTestTests */ = {
			isa = PBXNativeTarget;
			buildConfigurationList = 2398298128730F9A0088D5B5 /* Build configuration list for PBXNativeTarget "CalendarAppTestTests" */;
			buildPhases = (
				2398296628730F9A0088D5B5 /* Sources */,
				2398296728730F9A0088D5B5 /* Frameworks */,
				2398296828730F9A0088D5B5 /* Resources */,
			);
			buildRules = (
			);
			dependencies = (
				2398296C28730F9A0088D5B5 /* PBXTargetDependency */,
			);
			name = CalendarAppTestTests;
			productName = CalendarAppTestTests;
			productReference = 2398296A28730F9A0088D5B5 /* CalendarAppTestTests.xctest */;
			productType = "com.apple.product-type.bundle.unit-test";
		};
		2398297328730F9A0088D5B5 /* CalendarAppTestUITests */ = {
			isa = PBXNativeTarget;
			buildConfigurationList = 2398298428730F9A0088D5B5 /* Build configuration list for PBXNativeTarget "CalendarAppTestUITests" */;
			buildPhases = (
				2398297028730F9A0088D5B5 /* Sources */,
				2398297128730F9A0088D5B5 /* Frameworks */,
				2398297228730F9A0088D5B5 /* Resources */,
			);
			buildRules = (
			);
			dependencies = (
				2398297628730F9A0088D5B5 /* PBXTargetDependency */,
			);
			name = CalendarAppTestUITests;
			productName = CalendarAppTestUITests;
			productReference = 2398297428730F9A0088D5B5 /* CalendarAppTestUITests.xctest */;
			productType = "com.apple.product-type.bundle.ui-testing";
		};
/* End PBXNativeTarget section */

/* Begin PBXProject section */
		2398295228730F990088D5B5 /* Project object */ = {
			isa = PBXProject;
			attributes = {
				BuildIndependentTargetsInParallel = 1;
				LastSwiftUpdateCheck = 1340;
				LastUpgradeCheck = 1340;
				TargetAttributes = {
					2398295928730F990088D5B5 = {
						CreatedOnToolsVersion = 13.4.1;
					};
					2398296928730F9A0088D5B5 = {
						CreatedOnToolsVersion = 13.4.1;
						TestTargetID = 2398295928730F990088D5B5;
					};
					2398297328730F9A0088D5B5 = {
						CreatedOnToolsVersion = 13.4.1;
						TestTargetID = 2398295928730F990088D5B5;
					};
				};
			};
			buildConfigurationList = 2398295528730F990088D5B5 /* Build configuration list for PBXProject "CalendarAppTest" */;
			compatibilityVersion = "Xcode 13.0";
			developmentRegion = en;
			hasScannedForEncodings = 0;
			knownRegions = (
				en,
				Base,
			);
			mainGroup = 2398295128730F990088D5B5;
			productRefGroup = 2398295B28730F990088D5B5 /* Products */;
			projectDirPath = "";
			projectRoot = "";
			targets = (
				2398295928730F990088D5B5 /* CalendarAppTest */,
				2398296928730F9A0088D5B5 /* CalendarAppTestTests */,
				2398297328730F9A0088D5B5 /* CalendarAppTestUITests */,
			);
		};
/* End PBXProject section */

/* Begin PBXResourcesBuildPhase section */
		2398295828730F990088D5B5 /* Resources */ = {
			isa = PBXResourcesBuildPhase;
			buildActionMask = 2147483647;
			files = (
				2398296528730F9A0088D5B5 /* Preview Assets.xcassets in Resources */,
				2398296228730F9A0088D5B5 /* Assets.xcassets in Resources */,
			);
			runOnlyForDeploymentPostprocessing = 0;
		};
		2398296828730F9A0088D5B5 /* Resources */ = {
			isa = PBXResourcesBuildPhase;
			buildActionMask = 2147483647;
			files = (
			);
			runOnlyForDeploymentPostprocessing = 0;
		};
		2398297228730F9A0088D5B5 /* Resources */ = {
			isa = PBXResourcesBuildPhase;
			buildActionMask = 2147483647;
			files = (
			);
			runOnlyForDeploymentPostprocessing = 0;
		};
/* End PBXResourcesBuildPhase section */

/* Begin PBXSourcesBuildPhase section */
		2398295628730F990088D5B5 /* Sources */ = {
			isa = PBXSourcesBuildPhase;
			buildActionMask = 2147483647;
			files = (
				2398296028730F990088D5B5 /* ContentView.swift in Sources */,
				2398295E28730F990088D5B5 /* CalendarAppTestApp.swift in Sources */,
			);
			runOnlyForDeploymentPostprocessing = 0;
		};
		2398296628730F9A0088D5B5 /* Sources */ = {
			isa = PBXSourcesBuildPhase;
			buildActionMask = 2147483647;
			files = (
				2398296F28730F9A0088D5B5 /* CalendarAppTestTests.swift in Sources */,
			);
			runOnlyForDeploymentPostprocessing = 0;
		};
		2398297028730F9A0088D5B5 /* Sources */ = {
			isa = PBXSourcesBuildPhase;
			buildActionMask = 2147483647;
			files = (
				2398297B28730F9A0088D5B5 /* CalendarAppTestUITestsLaunchTests.swift in Sources */,
				2398297928730F9A0088D5B5 /* CalendarAppTestUITests.swift in Sources */,
			);
			runOnlyForDeploymentPostprocessing = 0;
		};
/* End PBXSourcesBuildPhase section */

/* Begin PBXTargetDependency section */
		2398296C28730F9A0088D5B5 /* PBXTargetDependency */ = {
			isa = PBXTargetDependency;
			target = 2398295928730F990088D5B5 /* CalendarAppTest */;
			targetProxy = 2398296B28730F9A0088D5B5 /* PBXContainerItemProxy */;
		};
		2398297628730F9A0088D5B5 /* PBXTargetDependency */ = {
			isa = PBXTargetDependency;
			target = 2398295928730F990088D5B5 /* CalendarAppTest */;
			targetProxy = 2398297528730F9A0088D5B5 /* PBXContainerItemProxy */;
		};
/* End PBXTargetDependency section */

/* Begin XCBuildConfiguration section */
		2398297C28730F9A0088D5B5 /* Debug */ = {
			isa = XCBuildConfiguration;
			buildSettings = {
				ALWAYS_SEARCH_USER_PATHS = NO;
				CLANG_ANALYZER_NONNULL = YES;
				CLANG_ANALYZER_NUMBER_OBJECT_CONVERSION = YES_AGGRESSIVE;
				CLANG_CXX_LANGUAGE_STANDARD = "gnu++17";
				CLANG_ENABLE_MODULES = YES;
				CLANG_ENABLE_OBJC_ARC = YES;
				CLANG_ENABLE_OBJC_WEAK = YES;
				CLANG_WARN_BLOCK_CAPTURE_AUTORELEASING = YES;
				CLANG_WARN_BOOL_CONVERSION = YES;
				CLANG_WARN_COMMA = YES;
				CLANG_WARN_CONSTANT_CONVERSION = YES;
				CLANG_WARN_DEPRECATED_OBJC_IMPLEMENTATIONS = YES;
				CLANG_WARN_DIRECT_OBJC_ISA_USAGE = YES_ERROR;
				CLANG_WARN_DOCUMENTATION_COMMENTS = YES;
				CLANG_WARN_EMPTY_BODY = YES;
				CLANG_WARN_ENUM_CONVERSION = YES;
				CLANG_WARN_INFINITE_RECURSION = YES;
				CLANG_WARN_INT_CONVERSION = YES;
				CLANG_WARN_NON_LITERAL_NULL_CONVERSION = YES;
				CLANG_WARN_OBJC_IMPLICIT_RETAIN_SELF = YES;
				CLANG_WARN_OBJC_LITERAL_CONVERSION = YES;
				CLANG_WARN_OBJC_ROOT_CLASS = YES_ERROR;
				CLANG_WARN_QUOTED_INCLUDE_IN_FRAMEWORK_HEADER = YES;
				CLANG_WARN_RANGE_LOOP_ANALYSIS = YES;
				CLANG_WARN_STRICT_PROTOTYPES = YES;
				CLANG_WARN_SUSPICIOUS_MOVE = YES;
				CLANG_WARN_UNGUARDED_AVAILABILITY = YES_AGGRESSIVE;
				CLANG_WARN_UNREACHABLE_CODE = YES;
				CLANG_WARN__DUPLICATE_METHOD_MATCH = YES;
				COPY_PHASE_STRIP = NO;
				DEBUG_INFORMATION_FORMAT = dwarf;
				ENABLE_STRICT_OBJC_MSGSEND = YES;
				ENABLE_TESTABILITY = YES;
				GCC_C_LANGUAGE_STANDARD = gnu11;
				GCC_DYNAMIC_NO_PIC = NO;
				GCC_NO_COMMON_BLOCKS = YES;
				GCC_OPTIMIZATION_LEVEL = 0;
				GCC_PREPROCESSOR_DEFINITIONS = (
					"DEBUG=1",
					"$(inherited)",
				);
				GCC_WARN_64_TO_32_BIT_CONVERSION = YES;
				GCC_WARN_ABOUT_RETURN_TYPE = YES_ERROR;
				GCC_WARN_UNDECLARED_SELECTOR = YES;
				GCC_WARN_UNINITIALIZED_AUTOS = YES_AGGRESSIVE;
				GCC_WARN_UNUSED_FUNCTION = YES;
				GCC_WARN_UNUSED_VARIABLE = YES;
				IPHONEOS_DEPLOYMENT_TARGET = 15.5;
				MTL_ENABLE_DEBUG_INFO = INCLUDE_SOURCE;
				MTL_FAST_MATH = YES;
				ONLY_ACTIVE_ARCH = YES;
				SDKROOT = iphoneos;
				SWIFT_ACTIVE_COMPILATION_CONDITIONS = DEBUG;
				SWIFT_OPTIMIZATION_LEVEL = "-Onone";
			};
			name = Debug;
		};
		2398297D28730F9A0088D5B5 /* Release */ = {
			isa = XCBuildConfiguration;
			buildSettings = {
				ALWAYS_SEARCH_USER_PATHS = NO;
				CLANG_ANALYZER_NONNULL = YES;
				CLANG_ANALYZER_NUMBER_OBJECT_CONVERSION = YES_AGGRESSIVE;
				CLANG_CXX_LANGUAGE_STANDARD = "gnu++17";
				CLANG_ENABLE_MODULES = YES;
				CLANG_ENABLE_OBJC_ARC = YES;
				CLANG_ENABLE_OBJC_WEAK = YES;
				CLANG_WARN_BLOCK_CAPTURE_AUTORELEASING = YES;
				CLANG_WARN_BOOL_CONVERSION = YES;
				CLANG_WARN_COMMA = YES;
				CLANG_WARN_CONSTANT_CONVERSION = YES;
				CLANG_WARN_DEPRECATED_OBJC_IMPLEMENTATIONS = YES;
				CLANG_WARN_DIRECT_OBJC_ISA_USAGE = YES_ERROR;
				CLANG_WARN_DOCUMENTATION_COMMENTS = YES;
				CLANG_WARN_EMPTY_BODY = YES;
				CLANG_WARN_ENUM_CONVERSION = YES;
				CLANG_WARN_INFINITE_RECURSION = YES;
				CLANG_WARN_INT_CONVERSION = YES;
				CLANG_WARN_NON_LITERAL_NULL_CONVERSION = YES;
				CLANG_WARN_OBJC_IMPLICIT_RETAIN_SELF = YES;
				CLANG_WARN_OBJC_LITERAL_CONVERSION = YES;
				CLANG_WARN_OBJC_ROOT_CLASS = YES_ERROR;
				CLANG_WARN_QUOTED_INCLUDE_IN_FRAMEWORK_HEADER = YES;
				CLANG_WARN_RANGE_LOOP_ANALYSIS = YES;
				CLANG_WARN_STRICT_PROTOTYPES = YES;
				CLANG_WARN_SUSPICIOUS_MOVE = YES;
				CLANG_WARN_UNGUARDED_AVAILABILITY = YES_AGGRESSIVE;
				CLANG_WARN_UNREACHABLE_CODE = YES;
				CLANG_WARN__DUPLICATE_METHOD_MATCH = YES;
				COPY_PHASE_STRIP = NO;
				DEBUG_INFORMATION_FORMAT = "dwarf-with-dsym";
				ENABLE_NS_ASSERTIONS = NO;
				ENABLE_STRICT_OBJC_MSGSEND = YES;
				GCC_C_LANGUAGE_STANDARD = gnu11;
				GCC_NO_COMMON_BLOCKS = YES;
				GCC_WARN_64_TO_32_BIT_CONVERSION = YES;
				GCC_WARN_ABOUT_RETURN_TYPE = YES_ERROR;
				GCC_WARN_UNDECLARED_SELECTOR = YES;
				GCC_WARN_UNINITIALIZED_AUTOS = YES_AGGRESSIVE;
				GCC_WARN_UNUSED_FUNCTION = YES;
				GCC_WARN_UNUSED_VARIABLE = YES;
				IPHONEOS_DEPLOYMENT_TARGET = 15.5;
				MTL_ENABLE_DEBUG_INFO = NO;
				MTL_FAST_MATH = YES;
				SDKROOT = iphoneos;
				SWIFT_COMPILATION_MODE = wholemodule;
				SWIFT_OPTIMIZATION_LEVEL = "-O";
				VALIDATE_PRODUCT = YES;
			};
			name = Release;
		};
		2398297F28730F9A0088D5B5 /* Debug */ = {
			isa = XCBuildConfiguration;
			buildSettings = {
				ASSETCATALOG_COMPILER_APPICON_NAME = AppIcon;
				ASSETCATALOG_COMPILER_GLOBAL_ACCENT_COLOR_NAME = AccentColor;
				CODE_SIGN_STYLE = Automatic;
				CURRENT_PROJECT_VERSION = 1;
				DEVELOPMENT_ASSET_PATHS = "\"CalendarAppTest/Preview Content\"";
				DEVELOPMENT_TEAM = 846X53X3M9;
				ENABLE_PREVIEWS = YES;
				GENERATE_INFOPLIST_FILE = YES;
				INFOPLIST_KEY_UIApplicationSceneManifest_Generation = YES;
				INFOPLIST_KEY_UIApplicationSupportsIndirectInputEvents = YES;
				INFOPLIST_KEY_UILaunchScreen_Generation = YES;
				INFOPLIST_KEY_UISupportedInterfaceOrientations_iPad = "UIInterfaceOrientationPortrait UIInterfaceOrientationPortraitUpsideDown UIInterfaceOrientationLandscapeLeft UIInterfaceOrientationLandscapeRight";
				INFOPLIST_KEY_UISupportedInterfaceOrientations_iPhone = "UIInterfaceOrientationPortrait UIInterfaceOrientationLandscapeLeft UIInterfaceOrientationLandscapeRight";
				LD_RUNPATH_SEARCH_PATHS = (
					"$(inherited)",
					"@executable_path/Frameworks",
				);
				MARKETING_VERSION = 1.0;
				PRODUCT_BUNDLE_IDENTIFIER = com.cemsaltik.CalendarAppTest;
				PRODUCT_NAME = "$(TARGET_NAME)";
				SWIFT_EMIT_LOC_STRINGS = YES;
				SWIFT_VERSION = 5.0;
				TARGETED_DEVICE_FAMILY = "1,2";
			};
			name = Debug;
		};
		2398298028730F9A0088D5B5 /* Release */ = {
			isa = XCBuildConfiguration;
			buildSettings = {
				ASSETCATALOG_COMPILER_APPICON_NAME = AppIcon;
				ASSETCATALOG_COMPILER_GLOBAL_ACCENT_COLOR_NAME = AccentColor;
				CODE_SIGN_STYLE = Automatic;
				CURRENT_PROJECT_VERSION = 1;
				DEVELOPMENT_ASSET_PATHS = "\"CalendarAppTest/Preview Content\"";
				DEVELOPMENT_TEAM = 846X53X3M9;
				ENABLE_PREVIEWS = YES;
				GENERATE_INFOPLIST_FILE = YES;
				INFOPLIST_KEY_UIApplicationSceneManifest_Generation = YES;
				INFOPLIST_KEY_UIApplicationSupportsIndirectInputEvents = YES;
				INFOPLIST_KEY_UILaunchScreen_Generation = YES;
				INFOPLIST_KEY_UISupportedInterfaceOrientations_iPad = "UIInterfaceOrientationPortrait UIInterfaceOrientationPortraitUpsideDown UIInterfaceOrientationLandscapeLeft UIInterfaceOrientationLandscapeRight";
				INFOPLIST_KEY_UISupportedInterfaceOrientations_iPhone = "UIInterfaceOrientationPortrait UIInterfaceOrientationLandscapeLeft UIInterfaceOrientationLandscapeRight";
				LD_RUNPATH_SEARCH_PATHS = (
					"$(inherited)",
					"@executable_path/Frameworks",
				);
				MARKETING_VERSION = 1.0;
				PRODUCT_BUNDLE_IDENTIFIER = com.cemsaltik.CalendarAppTest;
				PRODUCT_NAME = "$(TARGET_NAME)";
				SWIFT_EMIT_LOC_STRINGS = YES;
				SWIFT_VERSION = 5.0;
				TARGETED_DEVICE_FAMILY = "1,2";
			};
			name = Release;
		};
		2398298228730F9A0088D5B5 /* Debug */ = {
			isa = XCBuildConfiguration;
			buildSettings = {
				ALWAYS_EMBED_SWIFT_STANDARD_LIBRARIES = YES;
				BUNDLE_LOADER = "$(TEST_HOST)";
				CODE_SIGN_STYLE = Automatic;
				CURRENT_PROJECT_VERSION = 1;
				DEVELOPMENT_TEAM = 846X53X3M9;
				GENERATE_INFOPLIST_FILE = YES;
				IPHONEOS_DEPLOYMENT_TARGET = 15.5;
				MARKETING_VERSION = 1.0;
				PRODUCT_BUNDLE_IDENTIFIER = com.cemsaltik.CalendarAppTestTests;
				PRODUCT_NAME = "$(TARGET_NAME)";
				SWIFT_EMIT_LOC_STRINGS = NO;
				SWIFT_VERSION = 5.0;
				TARGETED_DEVICE_FAMILY = "1,2";
				TEST_HOST = "$(BUILT_PRODUCTS_DIR)/CalendarAppTest.app/CalendarAppTest";
			};
			name = Debug;
		};
		2398298328730F9A0088D5B5 /* Release */ = {
			isa = XCBuildConfiguration;
			buildSettings = {
				ALWAYS_EMBED_SWIFT_STANDARD_LIBRARIES = YES;
				BUNDLE_LOADER = "$(TEST_HOST)";
				CODE_SIGN_STYLE = Automatic;
				CURRENT_PROJECT_VERSION = 1;
				DEVELOPMENT_TEAM = 846X53X3M9;
				GENERATE_INFOPLIST_FILE = YES;
				IPHONEOS_DEPLOYMENT_TARGET = 15.5;
				MARKETING_VERSION = 1.0;
				PRODUCT_BUNDLE_IDENTIFIER = com.cemsaltik.CalendarAppTestTests;
				PRODUCT_NAME = "$(TARGET_NAME)";
				SWIFT_EMIT_LOC_STRINGS = NO;
				SWIFT_VERSION = 5.0;
				TARGETED_DEVICE_FAMILY = "1,2";
				TEST_HOST = "$(BUILT_PRODUCTS_DIR)/CalendarAppTest.app/CalendarAppTest";
			};
			name = Release;
		};
		2398298528730F9A0088D5B5 /* Debug */ = {
			isa = XCBuildConfiguration;
			buildSettings = {
				ALWAYS_EMBED_SWIFT_STANDARD_LIBRARIES = YES;
				CODE_SIGN_STYLE = Automatic;
				CURRENT_PROJECT_VERSION = 1;
				DEVELOPMENT_TEAM = 846X53X3M9;
				GENERATE_INFOPLIST_FILE = YES;
				MARKETING_VERSION = 1.0;
				PRODUCT_BUNDLE_IDENTIFIER = com.cemsaltik.CalendarAppTestUITests;
				PRODUCT_NAME = "$(TARGET_NAME)";
				SWIFT_EMIT_LOC_STRINGS = NO;
				SWIFT_VERSION = 5.0;
				TARGETED_DEVICE_FAMILY = "1,2";
				TEST_TARGET_NAME = CalendarAppTest;
			};
			name = Debug;
		};
		2398298628730F9A0088D5B5 /* Release */ = {
			isa = XCBuildConfiguration;
			buildSettings = {
				ALWAYS_EMBED_SWIFT_STANDARD_LIBRARIES = YES;
				CODE_SIGN_STYLE = Automatic;
				CURRENT_PROJECT_VERSION = 1;
				DEVELOPMENT_TEAM = 846X53X3M9;
				GENERATE_INFOPLIST_FILE = YES;
				MARKETING_VERSION = 1.0;
				PRODUCT_BUNDLE_IDENTIFIER = com.cemsaltik.CalendarAppTestUITests;
				PRODUCT_NAME = "$(TARGET_NAME)";
				SWIFT_EMIT_LOC_STRINGS = NO;
				SWIFT_VERSION = 5.0;
				TARGETED_DEVICE_FAMILY = "1,2";
				TEST_TARGET_NAME = CalendarAppTest;
			};
			name = Release;
		};
/* End XCBuildConfiguration section */

/* Begin XCConfigurationList section */
		2398295528730F990088D5B5 /* Build configuration list for PBXProject "CalendarAppTest" */ = {
			isa = XCConfigurationList;
			buildConfigurations = (
				2398297C28730F9A0088D5B5 /* Debug */,
				2398297D28730F9A0088D5B5 /* Release */,
			);
			defaultConfigurationIsVisible = 0;
			defaultConfigurationName = Release;
		};
		2398297E28730F9A0088D5B5 /* Build configuration list for PBXNativeTarget "CalendarAppTest" */ = {
			isa = XCConfigurationList;
			buildConfigurations = (
				2398297F28730F9A0088D5B5 /* Debug */,
				2398298028730F9A0088D5B5 /* Release */,
			);
			defaultConfigurationIsVisible = 0;
			defaultConfigurationName = Release;
		};
		2398298128730F9A0088D5B5 /* Build configuration list for PBXNativeTarget "CalendarAppTestTests" */ = {
			isa = XCConfigurationList;
			buildConfigurations = (
				2398298228730F9A0088D5B5 /* Debug */,
				2398298328730F9A0088D5B5 /* Release */,
			);
			defaultConfigurationIsVisible = 0;
			defaultConfigurationName = Release;
		};
		2398298428730F9A0088D5B5 /* Build configuration list for PBXNativeTarget "CalendarAppTestUITests" */ = {
			isa = XCConfigurationList;
			buildConfigurations = (
				2398298528730F9A0088D5B5 /* Debug */,
				2398298628730F9A0088D5B5 /* Release */,
			);
			defaultConfigurationIsVisible = 0;
			defaultConfigurationName = Release;
		};
/* End XCConfigurationList section */
	};
	rootObject = 2398295228730F990088D5B5 /* Project object */;
}
